{
  "name": "test_a",
  "version": "1.0.0",
  "lockfileVersion": 1,
  "requires": true,
  "dependencies": {
    "lodash": {
      "version": "4.17.21",
      "resolved": "https://registry.npmjs.org/lodash/-/lodash-4.17.21.tgz",
      "integrity": "sha512-v2kDEe57lecTulaDIuNTPy3Ry4gLGJ6Z1O3vE1krgXZNrsQ+LFTGHVxVjcXPs17LhbZVGedAJv8XZ1tvj5FvSg=="
    },
    "nariku_lib_a": {
      "version": "1.0.0",
      "resolved": "https://registry.npmjs.org/nariku_lib_a/-/nariku_lib_a-1.0.0.tgz",
      "integrity": "sha512-q5NqBDPdMDMwHNOw/L46OI7gI6LSAR/vsB4iTeZbmXivDrJJdVw/5H2SBrygxn15dxV0azKM9LvAx5ahRcCdyQ==",
      "requires": {
        "lodash": "^3.10.1"
      },
      "dependencies": {
        "lodash": {
          "version": "3.10.1",
          "resolved": "https://registry.npmjs.org/lodash/-/lodash-3.10.1.tgz",
          "integrity": "sha1-W/Rejkm6QYnhfUgnid/RW9FAt7Y="
        }
      }
    }
  }
}
